
Microsoft Visual Studio Solution File, Format Version 12.00
# Visual Studio Version 16
VisualStudioVersion = 16.0.28803.452
MinimumVisualStudioVersion = 10.0.40219.1
Project("{2150E333-8FDC-42A3-9474-1A3956D46DE8}") = "1 - Presentation", "1 - Presentation", "{3A989DA0-3E9E-43F2-8D10-E26D13713BFD}"
EndProject
Project("{2150E333-8FDC-42A3-9474-1A3956D46DE8}") = "2 - Application", "2 - Application", "{DDE4879C-1584-4216-AF65-7C03ABF6A04A}"
EndProject
Project("{2150E333-8FDC-42A3-9474-1A3956D46DE8}") = "3 - Domain", "3 - Domain", "{E35B6A37-5218-4754-9692-454D626BF720}"
EndProject
Project("{2150E333-8FDC-42A3-9474-1A3956D46DE8}") = "4 - Infra", "4 - Infra", "{4FF231EE-F6B2-4DAE-B19B-915ADB406949}"
EndProject
Project("{2150E333-8FDC-42A3-9474-1A3956D46DE8}") = "5 - Entities", "5 - Entities", "{D2CE2421-383A-47B0-B9AA-066F0456EFE9}"
EndProject
Project("{9A19103F-16F7-4668-BE54-9A1E7A4F7556}") = "Entities", "Entities\Entities.csproj", "{10CA2A18-2186-435D-ACFC-AEEE3759898E}"
EndProject
Project("{9A19103F-16F7-4668-BE54-9A1E7A4F7556}") = "Infraestructure", "Infraestructure\Infraestructure.csproj", "{997060BF-A906-4352-9DEC-0AF0ECFAAF45}"
EndProject
Project("{9A19103F-16F7-4668-BE54-9A1E7A4F7556}") = "Domain", "Domain\Domain.csproj", "{C7FCEDE4-7CAA-4A59-A3D7-43C154130BAB}"
EndProject
Project("{9A19103F-16F7-4668-BE54-9A1E7A4F7556}") = "ApplicationApp", "ApplicationApp\ApplicationApp.csproj", "{BCCF7B82-D0D0-40F2-AAE3-391A0B644E99}"
EndProject
Project("{9A19103F-16F7-4668-BE54-9A1E7A4F7556}") = "Web_ECommerce", "Web_ECommerce\Web_ECommerce.csproj", "{AEBF763C-1E9F-480F-92C4-FD464454D05C}"
EndProject
Project("{2150E333-8FDC-42A3-9474-1A3956D46DE8}") = "6 - Test", "6 - Test", "{76E3C49B-A621-4DF2-A18E-87FA7A8623E3}"
EndProject
Project("{9A19103F-16F7-4668-BE54-9A1E7A4F7556}") = "UnitTestEcommerceDDD", "UnitTestEcommerceDDD\UnitTestEcommerceDDD.csproj", "{DCB9496A-DBB1-4D15-B9D1-A8F3DD488BB9}"
EndProject
Project("{FAE04EC0-301F-11D3-BF4B-00C04F79EFBC}") = "ConsumoAPI", "ConsumoAPI\ConsumoAPI.csproj", "{5547986F-A60C-44AA-8D61-C20A4A27076A}"
EndProject
Global
	GlobalSection(SolutionConfigurationPlatforms) = preSolution
		Debug|Any CPU = Debug|Any CPU
		Release|Any CPU = Release|Any CPU
	EndGlobalSection
	GlobalSection(ProjectConfigurationPlatforms) = postSolution
		{10CA2A18-2186-435D-ACFC-AEEE3759898E}.Debug|Any CPU.ActiveCfg = Debug|Any CPU
		{10CA2A18-2186-435D-ACFC-AEEE3759898E}.Debug|Any CPU.Build.0 = Debug|Any CPU
		{10CA2A18-2186-435D-ACFC-AEEE3759898E}.Release|Any CPU.ActiveCfg = Release|Any CPU
		{10CA2A18-2186-435D-ACFC-AEEE3759898E}.Release|Any CPU.Build.0 = Release|Any CPU
		{997060BF-A906-4352-9DEC-0AF0ECFAAF45}.Debug|Any CPU.ActiveCfg = Debug|Any CPU
		{997060BF-A906-4352-9DEC-0AF0ECFAAF45}.Debug|Any CPU.Build.0 = Debug|Any CPU
		{997060BF-A906-4352-9DEC-0AF0ECFAAF45}.Release|Any CPU.ActiveCfg = Release|Any CPU
		{997060BF-A906-4352-9DEC-0AF0ECFAAF45}.Release|Any CPU.Build.0 = Release|Any CPU
		{C7FCEDE4-7CAA-4A59-A3D7-43C154130BAB}.Debug|Any CPU.ActiveCfg = Debug|Any CPU
		{C7FCEDE4-7CAA-4A59-A3D7-43C154130BAB}.Debug|Any CPU.Build.0 = Debug|Any CPU
		{C7FCEDE4-7CAA-4A59-A3D7-43C154130BAB}.Release|Any CPU.ActiveCfg = Release|Any CPU
		{C7FCEDE4-7CAA-4A59-A3D7-43C154130BAB}.Release|Any CPU.Build.0 = Release|Any CPU
		{BCCF7B82-D0D0-40F2-AAE3-391A0B644E99}.Debug|Any CPU.ActiveCfg = Debug|Any CPU
		{BCCF7B82-D0D0-40F2-AAE3-391A0B644E99}.Debug|Any CPU.Build.0 = Debug|Any CPU
		{BCCF7B82-D0D0-40F2-AAE3-391A0B644E99}.Release|Any CPU.ActiveCfg = Release|Any CPU
		{BCCF7B82-D0D0-40F2-AAE3-391A0B644E99}.Release|Any CPU.Build.0 = Release|Any CPU
		{AEBF763C-1E9F-480F-92C4-FD464454D05C}.Debug|Any CPU.ActiveCfg = Debug|Any CPU
		{AEBF763C-1E9F-480F-92C4-FD464454D05C}.Debug|Any CPU.Build.0 = Debug|Any CPU
		{AEBF763C-1E9F-480F-92C4-FD464454D05C}.Release|Any CPU.ActiveCfg = Release|Any CPU
		{AEBF763C-1E9F-480F-92C4-FD464454D05C}.Release|Any CPU.Build.0 = Release|Any CPU
		{DCB9496A-DBB1-4D15-B9D1-A8F3DD488BB9}.Debug|Any CPU.ActiveCfg = Debug|Any CPU
		{DCB9496A-DBB1-4D15-B9D1-A8F3DD488BB9}.Debug|Any CPU.Build.0 = Debug|Any CPU
		{DCB9496A-DBB1-4D15-B9D1-A8F3DD488BB9}.Release|Any CPU.ActiveCfg = Release|Any CPU
		{DCB9496A-DBB1-4D15-B9D1-A8F3DD488BB9}.Release|Any CPU.Build.0 = Release|Any CPU
		{5547986F-A60C-44AA-8D61-C20A4A27076A}.Debug|Any CPU.ActiveCfg = Debug|Any CPU
		{5547986F-A60C-44AA-8D61-C20A4A27076A}.Debug|Any CPU.Build.0 = Debug|Any CPU
		{5547986F-A60C-44AA-8D61-C20A4A27076A}.Release|Any CPU.ActiveCfg = Release|Any CPU
		{5547986F-A60C-44AA-8D61-C20A4A27076A}.Release|Any CPU.Build.0 = Release|Any CPU
	EndGlobalSection
	GlobalSection(SolutionProperties) = preSolution
		HideSolutionNode = FALSE
	EndGlobalSection
	GlobalSection(NestedProjects) = preSolution
		{10CA2A18-2186-435D-ACFC-AEEE3759898E} = {D2CE2421-383A-47B0-B9AA-066F0456EFE9}
		{997060BF-A906-4352-9DEC-0AF0ECFAAF45} = {4FF231EE-F6B2-4DAE-B19B-915ADB406949}
		{C7FCEDE4-7CAA-4A59-A3D7-43C154130BAB} = {E35B6A37-5218-4754-9692-454D626BF720}
		{BCCF7B82-D0D0-40F2-AAE3-391A0B644E99} = {DDE4879C-1584-4216-AF65-7C03ABF6A04A}
		{AEBF763C-1E9F-480F-92C4-FD464454D05C} = {3A989DA0-3E9E-43F2-8D10-E26D13713BFD}
		{DCB9496A-DBB1-4D15-B9D1-A8F3DD488BB9} = {76E3C49B-A621-4DF2-A18E-87FA7A8623E3}
		{5547986F-A60C-44AA-8D61-C20A4A27076A} = {76E3C49B-A621-4DF2-A18E-87FA7A8623E3}
	EndGlobalSection
	GlobalSection(ExtensibilityGlobals) = postSolution
		SolutionGuid = {A806A60D-B508-4253-85C0-89EF242C8EC4}
	EndGlobalSection
EndGlobal
